
Microsoft Visual Studio Solution File, Format Version 12.00
Project("{FAE04EC0-301F-11D3-BF4B-00C04F79EFBC}") = "HomeFinancial.Data", "HomeFinancial.Data\HomeFinancial.Data.csproj", "{7F49BE82-FA86-4616-901E-23603BC33B17}"
EndProject
Project("{FAE04EC0-301F-11D3-BF4B-00C04F79EFBC}") = "HomeFinancial.DataService", "HomeFinancial.DataService\HomeFinancial.DataService.csproj", "{E3C3A94E-2D38-4C4B-9D6A-F5217F59D7CE}"
EndProject
Project("{FAE04EC0-301F-11D3-BF4B-00C04F79EFBC}") = "HomeFinancial.OfxParser", "HomeFinancial.OfxParser\HomeFinancial.OfxParser.csproj", "{CA07B687-8C5B-4BCE-A7DC-AD8F534C7EBA}"
EndProject
Project("{FAE04EC0-301F-11D3-BF4B-00C04F79EFBC}") = "HomeFinancial.OfxParser.Tets", "HomeFinancial.OfxParser.Tets\HomeFinancial.OfxParser.Tets.csproj", "{48384C8C-E755-4A19-B8E2-14E57A8A859C}"
EndProject
Project("{FAE04EC0-301F-11D3-BF4B-00C04F79EFBC}") = "HomeFinancial.Repository", "HomeFinancial.Repository\HomeFinancial.Repository.csproj", "{AA97D79C-C516-432F-8329-B1238E448C9D}"
EndProject
Global
	GlobalSection(SolutionConfigurationPlatforms) = preSolution
		Debug|Any CPU = Debug|Any CPU
		Release|Any CPU = Release|Any CPU
	EndGlobalSection
	GlobalSection(ProjectConfigurationPlatforms) = postSolution
		{7F49BE82-FA86-4616-901E-23603BC33B17}.Debug|Any CPU.ActiveCfg = Debug|Any CPU
		{7F49BE82-FA86-4616-901E-23603BC33B17}.Debug|Any CPU.Build.0 = Debug|Any CPU
		{7F49BE82-FA86-4616-901E-23603BC33B17}.Release|Any CPU.ActiveCfg = Release|Any CPU
		{7F49BE82-FA86-4616-901E-23603BC33B17}.Release|Any CPU.Build.0 = Release|Any CPU
		{E3C3A94E-2D38-4C4B-9D6A-F5217F59D7CE}.Debug|Any CPU.ActiveCfg = Debug|Any CPU
		{E3C3A94E-2D38-4C4B-9D6A-F5217F59D7CE}.Debug|Any CPU.Build.0 = Debug|Any CPU
		{E3C3A94E-2D38-4C4B-9D6A-F5217F59D7CE}.Release|Any CPU.ActiveCfg = Release|Any CPU
		{E3C3A94E-2D38-4C4B-9D6A-F5217F59D7CE}.Release|Any CPU.Build.0 = Release|Any CPU
		{CA07B687-8C5B-4BCE-A7DC-AD8F534C7EBA}.Debug|Any CPU.ActiveCfg = Debug|Any CPU
		{CA07B687-8C5B-4BCE-A7DC-AD8F534C7EBA}.Debug|Any CPU.Build.0 = Debug|Any CPU
		{CA07B687-8C5B-4BCE-A7DC-AD8F534C7EBA}.Release|Any CPU.ActiveCfg = Release|Any CPU
		{CA07B687-8C5B-4BCE-A7DC-AD8F534C7EBA}.Release|Any CPU.Build.0 = Release|Any CPU
		{48384C8C-E755-4A19-B8E2-14E57A8A859C}.Debug|Any CPU.ActiveCfg = Debug|Any CPU
		{48384C8C-E755-4A19-B8E2-14E57A8A859C}.Debug|Any CPU.Build.0 = Debug|Any CPU
		{48384C8C-E755-4A19-B8E2-14E57A8A859C}.Release|Any CPU.ActiveCfg = Release|Any CPU
		{48384C8C-E755-4A19-B8E2-14E57A8A859C}.Release|Any CPU.Build.0 = Release|Any CPU
		{AA97D79C-C516-432F-8329-B1238E448C9D}.Debug|Any CPU.ActiveCfg = Debug|Any CPU
		{AA97D79C-C516-432F-8329-B1238E448C9D}.Debug|Any CPU.Build.0 = Debug|Any CPU
		{AA97D79C-C516-432F-8329-B1238E448C9D}.Release|Any CPU.ActiveCfg = Release|Any CPU
		{AA97D79C-C516-432F-8329-B1238E448C9D}.Release|Any CPU.Build.0 = Release|Any CPU
	EndGlobalSection
EndGlobal
