
Microsoft Visual Studio Solution File, Format Version 12.00
# 
Project("{FAE04EC0-301F-11D3-BF4B-00C04F79EFBC}") = "HomeFinancial.Infrastructure", "HomeFinancial.Infrastructure\HomeFinancial.Infrastructure.csproj", "{7F49BE82-FA86-4616-901E-23603BC33B17}"
EndProject
Project("{FAE04EC0-301F-11D3-BF4B-00C04F79EFBC}") = "HomeFinancial.WebApi", "HomeFinancial.WebApi\HomeFinancial.WebApi.csproj", "{E3C3A94E-2D38-4C4B-9D6A-F5217F59D7CE}"
EndProject
Project("{FAE04EC0-301F-11D3-BF4B-00C04F79EFBC}") = "HomeFinancial.OfxParser", "HomeFinancial.OfxParser\HomeFinancial.OfxParser.csproj", "{CA07B687-8C5B-4BCE-A7DC-AD8F534C7EBA}"
EndProject
Project("{FAE04EC0-301F-11D3-BF4B-00C04F79EFBC}") = "HomeFinancial.OfxParser.Tests", "HomeFinancial.OfxParser.Tests\HomeFinancial.OfxParser.Tests.csproj", "{48384C8C-E755-4A19-B8E2-14E57A8A859C}"
EndProject
Project("{FAE04EC0-301F-11D3-BF4B-00C04F79EFBC}") = "HomeFinancial.Domain", "HomeFinancial.Domain\HomeFinancial.Domain.csproj", "{375C2DC2-9F84-4FC6-86CC-E1CBAF3FE5BB}"
EndProject
Project("{FAE04EC0-301F-11D3-BF4B-00C04F79EFBC}") = "HomeFinancial.Application", "HomeFinancial.Application\HomeFinancial.Application.csproj", "{C58E11E0-F03E-4099-994C-7CF79BE378ED}"
EndProject
Global
	GlobalSection(SolutionConfigurationPlatforms) = preSolution
		Debug|Any CPU = Debug|Any CPU
		Release|Any CPU = Release|Any CPU
	EndGlobalSection
	GlobalSection(ProjectConfigurationPlatforms) = postSolution
		{7F49BE82-FA86-4616-901E-23603BC33B17}.Debug|Any CPU.ActiveCfg = Debug|Any CPU
		{7F49BE82-FA86-4616-901E-23603BC33B17}.Debug|Any CPU.Build.0 = Debug|Any CPU
		{7F49BE82-FA86-4616-901E-23603BC33B17}.Release|Any CPU.ActiveCfg = Release|Any CPU
		{7F49BE82-FA86-4616-901E-23603BC33B17}.Release|Any CPU.Build.0 = Release|Any CPU
		{E3C3A94E-2D38-4C4B-9D6A-F5217F59D7CE}.Debug|Any CPU.ActiveCfg = Debug|Any CPU
		{E3C3A94E-2D38-4C4B-9D6A-F5217F59D7CE}.Debug|Any CPU.Build.0 = Debug|Any CPU
		{E3C3A94E-2D38-4C4B-9D6A-F5217F59D7CE}.Release|Any CPU.ActiveCfg = Release|Any CPU
		{E3C3A94E-2D38-4C4B-9D6A-F5217F59D7CE}.Release|Any CPU.Build.0 = Release|Any CPU
		{CA07B687-8C5B-4BCE-A7DC-AD8F534C7EBA}.Debug|Any CPU.ActiveCfg = Debug|Any CPU
		{CA07B687-8C5B-4BCE-A7DC-AD8F534C7EBA}.Debug|Any CPU.Build.0 = Debug|Any CPU
		{CA07B687-8C5B-4BCE-A7DC-AD8F534C7EBA}.Release|Any CPU.ActiveCfg = Release|Any CPU
		{CA07B687-8C5B-4BCE-A7DC-AD8F534C7EBA}.Release|Any CPU.Build.0 = Release|Any CPU
		{48384C8C-E755-4A19-B8E2-14E57A8A859C}.Debug|Any CPU.ActiveCfg = Debug|Any CPU
		{48384C8C-E755-4A19-B8E2-14E57A8A859C}.Debug|Any CPU.Build.0 = Debug|Any CPU
		{48384C8C-E755-4A19-B8E2-14E57A8A859C}.Release|Any CPU.ActiveCfg = Release|Any CPU
		{48384C8C-E755-4A19-B8E2-14E57A8A859C}.Release|Any CPU.Build.0 = Release|Any CPU
		{375C2DC2-9F84-4FC6-86CC-E1CBAF3FE5BB}.Debug|Any CPU.ActiveCfg = Debug|Any CPU
		{375C2DC2-9F84-4FC6-86CC-E1CBAF3FE5BB}.Debug|Any CPU.Build.0 = Debug|Any CPU
		{375C2DC2-9F84-4FC6-86CC-E1CBAF3FE5BB}.Release|Any CPU.ActiveCfg = Release|Any CPU
		{375C2DC2-9F84-4FC6-86CC-E1CBAF3FE5BB}.Release|Any CPU.Build.0 = Release|Any CPU
		{C58E11E0-F03E-4099-994C-7CF79BE378ED}.Debug|Any CPU.ActiveCfg = Debug|Any CPU
		{C58E11E0-F03E-4099-994C-7CF79BE378ED}.Debug|Any CPU.Build.0 = Debug|Any CPU
		{C58E11E0-F03E-4099-994C-7CF79BE378ED}.Release|Any CPU.ActiveCfg = Release|Any CPU
		{C58E11E0-F03E-4099-994C-7CF79BE378ED}.Release|Any CPU.Build.0 = Release|Any CPU
	EndGlobalSection
EndGlobal
